
Microsoft Visual Studio Solution File, Format Version 12.00
# Visual Studio Version 16
VisualStudioVersion = 16.0.30104.148
MinimumVisualStudioVersion = 10.0.40219.1
Project("{FAE04EC0-301F-11D3-BF4B-00C04F79EFBC}") = "QuanLyHS_THPT", "QuanLyHS_THPT\QuanLyHS_THPT.csproj", "{F18BA049-832F-4E70-BFDD-AF7D1A91E53A}"
EndProject
Global
	GlobalSection(SolutionConfigurationPlatforms) = preSolution
		Debug|Any CPU = Debug|Any CPU
		Release|Any CPU = Release|Any CPU
	EndGlobalSection
	GlobalSection(ProjectConfigurationPlatforms) = postSolution
		{F18BA049-832F-4E70-BFDD-AF7D1A91E53A}.Debug|Any CPU.ActiveCfg = Debug|Any CPU
		{F18BA049-832F-4E70-BFDD-AF7D1A91E53A}.Debug|Any CPU.Build.0 = Debug|Any CPU
		{F18BA049-832F-4E70-BFDD-AF7D1A91E53A}.Release|Any CPU.ActiveCfg = Release|Any CPU
		{F18BA049-832F-4E70-BFDD-AF7D1A91E53A}.Release|Any CPU.Build.0 = Release|Any CPU
	EndGlobalSection
	GlobalSection(SolutionProperties) = preSolution
		HideSolutionNode = FALSE
	EndGlobalSection
	GlobalSection(ExtensibilityGlobals) = postSolution
		SolutionGuid = {7BDCD5C8-FEB1-421C-8005-6B3ED0D5D08A}
	EndGlobalSection
EndGlobal
